{
  "version": 4,
  "terraform_version": "1.1.2",
  "serial": 4,
  "lineage": "bd6f9475-ac83-43fd-cc49-5dd5779e0c5e",
  "outputs": {},
  "resources": [
    {
      "mode": "managed",
      "type": "azurerm_resource_group",
      "name": "azdevops",
      "provider": "provider[\"registry.terraform.io/hashicorp/azurerm\"]",
      "instances": [
        {
          "schema_version": 0,
          "attributes": {
            "id": "/subscriptions/17dd7b2b-00a8-456c-86e9-e80b4c2334ee/resourceGroups/azdevops",
            "location": "westeurope",
            "name": "azdevops",
            "tags": {},
            "timeouts": null
          },
          "sensitive_attributes": [],
          "private": "eyJlMmJmYjczMC1lY2FhLTExZTYtOGY4OC0zNDM2M2JjN2M0YzAiOnsiY3JlYXRlIjo1NDAwMDAwMDAwMDAwLCJkZWxldGUiOjU0MDAwMDAwMDAwMDAsInJlYWQiOjMwMDAwMDAwMDAwMCwidXBkYXRlIjo1NDAwMDAwMDAwMDAwfX0="
        }
      ]
    },
    {
      "mode": "managed",
      "type": "azurerm_storage_account",
      "name": "storageazdevopsalilia",
      "provider": "provider[\"registry.terraform.io/hashicorp/azurerm\"]",
      "instances": [
        {
          "schema_version": 2,
          "attributes": {
            "access_tier": "Hot",
            "account_kind": "StorageV2",
            "account_replication_type": "LRS",
            "account_tier": "Standard",
            "allow_blob_public_access": false,
            "azure_files_authentication": [],
            "blob_properties": [
              {
                "change_feed_enabled": false,
                "container_delete_retention_policy": [],
                "cors_rule": [],
                "default_service_version": "",
                "delete_retention_policy": [],
                "last_access_time_enabled": false,
                "versioning_enabled": false
              }
            ],
            "custom_domain": [],
            "customer_managed_key": [],
            "enable_https_traffic_only": true,
            "id": "/subscriptions/17dd7b2b-00a8-456c-86e9-e80b4c2334ee/resourceGroups/azdevops/providers/Microsoft.Storage/storageAccounts/storageazdevopsalilia",
            "identity": [],
            "infrastructure_encryption_enabled": false,
            "is_hns_enabled": false,
            "large_file_share_enabled": null,
            "location": "westeurope",
            "min_tls_version": "TLS1_0",
            "name": "storageazdevopsalilia",
            "network_rules": [
              {
                "bypass": [
                  "AzureServices"
                ],
                "default_action": "Allow",
                "ip_rules": [],
                "private_link_access": [],
                "virtual_network_subnet_ids": []
              }
            ],
            "nfsv3_enabled": false,
            "primary_access_key": "cCD7uEi8N8QkoyjaJsOKD6ZzZ8QUfyyoSsP2noTIMxz/Zkb0fWeVqEW+kQ9wj/qoMiymbj+h70N6SgvcEgxxdw==",
            "primary_blob_connection_string": "DefaultEndpointsProtocol=https;BlobEndpoint=https://storageazdevopsalilia.blob.core.windows.net/;AccountName=storageazdevopsalilia;AccountKey=cCD7uEi8N8QkoyjaJsOKD6ZzZ8QUfyyoSsP2noTIMxz/Zkb0fWeVqEW+kQ9wj/qoMiymbj+h70N6SgvcEgxxdw==",
            "primary_blob_endpoint": "https://storageazdevopsalilia.blob.core.windows.net/",
            "primary_blob_host": "storageazdevopsalilia.blob.core.windows.net",
            "primary_connection_string": "DefaultEndpointsProtocol=https;AccountName=storageazdevopsalilia;AccountKey=cCD7uEi8N8QkoyjaJsOKD6ZzZ8QUfyyoSsP2noTIMxz/Zkb0fWeVqEW+kQ9wj/qoMiymbj+h70N6SgvcEgxxdw==;EndpointSuffix=core.windows.net",
            "primary_dfs_endpoint": "https://storageazdevopsalilia.dfs.core.windows.net/",
            "primary_dfs_host": "storageazdevopsalilia.dfs.core.windows.net",
            "primary_file_endpoint": "https://storageazdevopsalilia.file.core.windows.net/",
            "primary_file_host": "storageazdevopsalilia.file.core.windows.net",
            "primary_location": "westeurope",
            "primary_queue_endpoint": "https://storageazdevopsalilia.queue.core.windows.net/",
            "primary_queue_host": "storageazdevopsalilia.queue.core.windows.net",
            "primary_table_endpoint": "https://storageazdevopsalilia.table.core.windows.net/",
            "primary_table_host": "storageazdevopsalilia.table.core.windows.net",
            "primary_web_endpoint": "https://storageazdevopsalilia.z6.web.core.windows.net/",
            "primary_web_host": "storageazdevopsalilia.z6.web.core.windows.net",
            "queue_encryption_key_type": "Service",
            "queue_properties": [
              {
                "cors_rule": [],
                "hour_metrics": [
                  {
                    "enabled": true,
                    "include_apis": true,
                    "retention_policy_days": 7,
                    "version": "1.0"
                  }
                ],
                "logging": [
                  {
                    "delete": false,
                    "read": false,
                    "retention_policy_days": 0,
                    "version": "1.0",
                    "write": false
                  }
                ],
                "minute_metrics": [
                  {
                    "enabled": false,
                    "include_apis": false,
                    "retention_policy_days": 0,
                    "version": "1.0"
                  }
                ]
              }
            ],
            "resource_group_name": "azdevops",
            "routing": [],
            "secondary_access_key": "Cbp3OUXlvIQrtRYGF6uDYJ5zg4ggQTjgN96RH4p4kKrAwDdUkNebQADN8Sk7U5I7tO3qZmwnXMTkLTS/U9Oxbg==",
            "secondary_blob_connection_string": "",
            "secondary_blob_endpoint": null,
            "secondary_blob_host": null,
            "secondary_connection_string": "DefaultEndpointsProtocol=https;AccountName=storageazdevopsalilia;AccountKey=Cbp3OUXlvIQrtRYGF6uDYJ5zg4ggQTjgN96RH4p4kKrAwDdUkNebQADN8Sk7U5I7tO3qZmwnXMTkLTS/U9Oxbg==;EndpointSuffix=core.windows.net",
            "secondary_dfs_endpoint": null,
            "secondary_dfs_host": null,
            "secondary_file_endpoint": null,
            "secondary_file_host": null,
            "secondary_location": "",
            "secondary_queue_endpoint": null,
            "secondary_queue_host": null,
            "secondary_table_endpoint": null,
            "secondary_table_host": null,
            "secondary_web_endpoint": null,
            "secondary_web_host": null,
            "share_properties": [
              {
                "cors_rule": [],
                "retention_policy": [
                  {
                    "days": 7
                  }
                ],
                "smb": []
              }
            ],
            "shared_access_key_enabled": true,
            "static_website": [],
            "table_encryption_key_type": "Service",
            "tags": null,
            "timeouts": null
          },
          "sensitive_attributes": [],
          "private": "eyJlMmJmYjczMC1lY2FhLTExZTYtOGY4OC0zNDM2M2JjN2M0YzAiOnsiY3JlYXRlIjozNjAwMDAwMDAwMDAwLCJkZWxldGUiOjM2MDAwMDAwMDAwMDAsInJlYWQiOjMwMDAwMDAwMDAwMCwidXBkYXRlIjozNjAwMDAwMDAwMDAwfSwic2NoZW1hX3ZlcnNpb24iOiIyIn0="
        }
      ]
    }
  ]
}
